
Microsoft Visual Studio Solution File, Format Version 12.00
# Visual Studio Version 17
VisualStudioVersion = 17.9.34607.119
MinimumVisualStudioVersion = 10.0.40219.1
Project("{8BC9CEB8-8B4A-11D0-8D11-00A0C91BC942}") = "DirectAccessFile", "DirectAccessFile\DirectAccessFile.vcxproj", "{DE78933A-7B74-49F4-889A-1C7ADA1EF772}"
EndProject
Global
	GlobalSection(SolutionConfigurationPlatforms) = preSolution
		Debug|x64 = Debug|x64
		Debug|x86 = Debug|x86
		Release|x64 = Release|x64
		Release|x86 = Release|x86
	EndGlobalSection
	GlobalSection(ProjectConfigurationPlatforms) = postSolution
		{DE78933A-7B74-49F4-889A-1C7ADA1EF772}.Debug|x64.ActiveCfg = Debug|x64
		{DE78933A-7B74-49F4-889A-1C7ADA1EF772}.Debug|x64.Build.0 = Debug|x64
		{DE78933A-7B74-49F4-889A-1C7ADA1EF772}.Debug|x86.ActiveCfg = Debug|Win32
		{DE78933A-7B74-49F4-889A-1C7ADA1EF772}.Debug|x86.Build.0 = Debug|Win32
		{DE78933A-7B74-49F4-889A-1C7ADA1EF772}.Release|x64.ActiveCfg = Release|x64
		{DE78933A-7B74-49F4-889A-1C7ADA1EF772}.Release|x64.Build.0 = Release|x64
		{DE78933A-7B74-49F4-889A-1C7ADA1EF772}.Release|x86.ActiveCfg = Release|Win32
		{DE78933A-7B74-49F4-889A-1C7ADA1EF772}.Release|x86.Build.0 = Release|Win32
	EndGlobalSection
	GlobalSection(SolutionProperties) = preSolution
		HideSolutionNode = FALSE
	EndGlobalSection
	GlobalSection(ExtensibilityGlobals) = postSolution
		SolutionGuid = {1746F06D-3A2D-4D1C-82F2-4AB124BC0C3D}
	EndGlobalSection
EndGlobal
